
Microsoft Visual Studio Solution File, Format Version 12.00
# Visual Studio Version 17
VisualStudioVersion = 17.3.32825.248
MinimumVisualStudioVersion = 10.0.40219.1
Project("{FAE04EC0-301F-11D3-BF4B-00C04F79EFBC}") = "TransportePilha", "TransportePilha\TransportePilha.csproj", "{7088DBAB-3036-43B6-8D08-399C550071AF}"
EndProject
Global
	GlobalSection(SolutionConfigurationPlatforms) = preSolution
		Debug|Any CPU = Debug|Any CPU
		Release|Any CPU = Release|Any CPU
	EndGlobalSection
	GlobalSection(ProjectConfigurationPlatforms) = postSolution
		{7088DBAB-3036-43B6-8D08-399C550071AF}.Debug|Any CPU.ActiveCfg = Debug|Any CPU
		{7088DBAB-3036-43B6-8D08-399C550071AF}.Debug|Any CPU.Build.0 = Debug|Any CPU
		{7088DBAB-3036-43B6-8D08-399C550071AF}.Release|Any CPU.ActiveCfg = Release|Any CPU
		{7088DBAB-3036-43B6-8D08-399C550071AF}.Release|Any CPU.Build.0 = Release|Any CPU
	EndGlobalSection
	GlobalSection(SolutionProperties) = preSolution
		HideSolutionNode = FALSE
	EndGlobalSection
	GlobalSection(ExtensibilityGlobals) = postSolution
		SolutionGuid = {372BACE6-FE82-4E0C-BDE1-A71B5C77306E}
	EndGlobalSection
EndGlobal
